
Microsoft Visual Studio Solution File, Format Version 12.00
# Visual Studio Version 17
VisualStudioVersion = 17.14.36408.4 d17.14
MinimumVisualStudioVersion = 10.0.40219.1
Project("{FAE04EC0-301F-11D3-BF4B-00C04F79EFBC}") = "Ejercicio1", "Ejercicio1\Ejercicio1.csproj", "{BE2A9AAE-70C0-4388-BE0A-0D505310CDCD}"
EndProject
Global
	GlobalSection(SolutionConfigurationPlatforms) = preSolution
		Debug|Any CPU = Debug|Any CPU
		Release|Any CPU = Release|Any CPU
	EndGlobalSection
	GlobalSection(ProjectConfigurationPlatforms) = postSolution
		{BE2A9AAE-70C0-4388-BE0A-0D505310CDCD}.Debug|Any CPU.ActiveCfg = Debug|Any CPU
		{BE2A9AAE-70C0-4388-BE0A-0D505310CDCD}.Debug|Any CPU.Build.0 = Debug|Any CPU
		{BE2A9AAE-70C0-4388-BE0A-0D505310CDCD}.Release|Any CPU.ActiveCfg = Release|Any CPU
		{BE2A9AAE-70C0-4388-BE0A-0D505310CDCD}.Release|Any CPU.Build.0 = Release|Any CPU
	EndGlobalSection
	GlobalSection(SolutionProperties) = preSolution
		HideSolutionNode = FALSE
	EndGlobalSection
	GlobalSection(ExtensibilityGlobals) = postSolution
		SolutionGuid = {34EE2890-3085-47EF-95D1-A01B234E3DBD}
	EndGlobalSection
EndGlobal
